
Microsoft Visual Studio Solution File, Format Version 12.00
# Visual Studio 15
Project("{FAE04EC0-301F-11D3-BF4B-00C04F79EFBC}") = "Assembly-CSharp", "Assembly-CSharp.csproj", "{0FCACC97-6560-EF5C-0938-E1D99B34C15C}"
EndProject
Project("{FAE04EC0-301F-11D3-BF4B-00C04F79EFBC}") = "Assembly-CSharp-Editor", "Assembly-CSharp-Editor.csproj", "{D7EA0E4E-B42D-C812-1AB6-2D4A2A444EE5}"
EndProject
Global
	GlobalSection(SolutionConfigurationPlatforms) = preSolution
		Debug|Any CPU = Debug|Any CPU
		Release|Any CPU = Release|Any CPU
	EndGlobalSection
	GlobalSection(ProjectConfigurationPlatforms) = postSolution
		{0FCACC97-6560-EF5C-0938-E1D99B34C15C}.Debug|Any CPU.ActiveCfg = Debug|Any CPU
		{0FCACC97-6560-EF5C-0938-E1D99B34C15C}.Debug|Any CPU.Build.0 = Debug|Any CPU
		{0FCACC97-6560-EF5C-0938-E1D99B34C15C}.Release|Any CPU.ActiveCfg = Release|Any CPU
		{0FCACC97-6560-EF5C-0938-E1D99B34C15C}.Release|Any CPU.Build.0 = Release|Any CPU
		{D7EA0E4E-B42D-C812-1AB6-2D4A2A444EE5}.Debug|Any CPU.ActiveCfg = Debug|Any CPU
		{D7EA0E4E-B42D-C812-1AB6-2D4A2A444EE5}.Debug|Any CPU.Build.0 = Debug|Any CPU
		{D7EA0E4E-B42D-C812-1AB6-2D4A2A444EE5}.Release|Any CPU.ActiveCfg = Release|Any CPU
		{D7EA0E4E-B42D-C812-1AB6-2D4A2A444EE5}.Release|Any CPU.Build.0 = Release|Any CPU
	EndGlobalSection
	GlobalSection(SolutionProperties) = preSolution
		HideSolutionNode = FALSE
	EndGlobalSection
EndGlobal
