
Microsoft Visual Studio Solution File, Format Version 12.00
# Visual Studio 15
Project("{FAE04EC0-301F-11D3-BF4B-00C04F79EFBC}") = "Assembly-CSharp", "Assembly-CSharp.csproj", "{09FC7651-C542-0DB7-3B48-382EAAD40573}"
EndProject
Project("{FAE04EC0-301F-11D3-BF4B-00C04F79EFBC}") = "Assembly-CSharp-Editor", "Assembly-CSharp-Editor.csproj", "{D58078BF-0B27-5559-A5B7-B40E5B4FDA80}"
EndProject
Global
	GlobalSection(SolutionConfigurationPlatforms) = preSolution
		Debug|Any CPU = Debug|Any CPU
		Release|Any CPU = Release|Any CPU
	EndGlobalSection
	GlobalSection(ProjectConfigurationPlatforms) = postSolution
		{09FC7651-C542-0DB7-3B48-382EAAD40573}.Debug|Any CPU.ActiveCfg = Debug|Any CPU
		{09FC7651-C542-0DB7-3B48-382EAAD40573}.Debug|Any CPU.Build.0 = Debug|Any CPU
		{09FC7651-C542-0DB7-3B48-382EAAD40573}.Release|Any CPU.ActiveCfg = Release|Any CPU
		{09FC7651-C542-0DB7-3B48-382EAAD40573}.Release|Any CPU.Build.0 = Release|Any CPU
		{D58078BF-0B27-5559-A5B7-B40E5B4FDA80}.Debug|Any CPU.ActiveCfg = Debug|Any CPU
		{D58078BF-0B27-5559-A5B7-B40E5B4FDA80}.Debug|Any CPU.Build.0 = Debug|Any CPU
		{D58078BF-0B27-5559-A5B7-B40E5B4FDA80}.Release|Any CPU.ActiveCfg = Release|Any CPU
		{D58078BF-0B27-5559-A5B7-B40E5B4FDA80}.Release|Any CPU.Build.0 = Release|Any CPU
	EndGlobalSection
	GlobalSection(SolutionProperties) = preSolution
		HideSolutionNode = FALSE
	EndGlobalSection
EndGlobal
